
Microsoft Visual Studio Solution File, Format Version 12.00
# Visual Studio 15
VisualStudioVersion = 15.0.27004.2002
MinimumVisualStudioVersion = 10.0.40219.1
Project("{9A19103F-16F7-4668-BE54-9A1E7A4F7556}") = "dogapi-Adrianaxj", "dogapi-Adrianaxj.csproj", "{AE632D66-D2E2-459F-A92A-194AB214699F}"
EndProject
Global
	GlobalSection(SolutionConfigurationPlatforms) = preSolution
		Debug|Any CPU = Debug|Any CPU
		Release|Any CPU = Release|Any CPU
	EndGlobalSection
	GlobalSection(ProjectConfigurationPlatforms) = postSolution
		{AE632D66-D2E2-459F-A92A-194AB214699F}.Debug|Any CPU.ActiveCfg = Debug|Any CPU
		{AE632D66-D2E2-459F-A92A-194AB214699F}.Debug|Any CPU.Build.0 = Debug|Any CPU
		{AE632D66-D2E2-459F-A92A-194AB214699F}.Release|Any CPU.ActiveCfg = Release|Any CPU
		{AE632D66-D2E2-459F-A92A-194AB214699F}.Release|Any CPU.Build.0 = Release|Any CPU
	EndGlobalSection
	GlobalSection(SolutionProperties) = preSolution
		HideSolutionNode = FALSE
	EndGlobalSection
	GlobalSection(ExtensibilityGlobals) = postSolution
		SolutionGuid = {CB89F7F1-4D8F-434F-8D77-1CF7245B4845}
	EndGlobalSection
EndGlobal
